
Microsoft Visual Studio Solution File, Format Version 12.00
# Visual Studio Version 17
VisualStudioVersion = 17.1.32228.430
MinimumVisualStudioVersion = 10.0.40219.1
Project("{FAE04EC0-301F-11D3-BF4B-00C04F79EFBC}") = "StarLabs_PortfolioProject", "StarLabs_PortfolioProject\StarLabs_PortfolioProject.csproj", "{B3B99436-D51F-457F-A7E0-73A8CEE19513}"
EndProject
Global
	GlobalSection(SolutionConfigurationPlatforms) = preSolution
		Debug|Any CPU = Debug|Any CPU
		Release|Any CPU = Release|Any CPU
	EndGlobalSection
	GlobalSection(ProjectConfigurationPlatforms) = postSolution
		{B3B99436-D51F-457F-A7E0-73A8CEE19513}.Debug|Any CPU.ActiveCfg = Debug|Any CPU
		{B3B99436-D51F-457F-A7E0-73A8CEE19513}.Debug|Any CPU.Build.0 = Debug|Any CPU
		{B3B99436-D51F-457F-A7E0-73A8CEE19513}.Release|Any CPU.ActiveCfg = Release|Any CPU
		{B3B99436-D51F-457F-A7E0-73A8CEE19513}.Release|Any CPU.Build.0 = Release|Any CPU
	EndGlobalSection
	GlobalSection(SolutionProperties) = preSolution
		HideSolutionNode = FALSE
	EndGlobalSection
	GlobalSection(ExtensibilityGlobals) = postSolution
		SolutionGuid = {F33AB921-5F18-429F-9B2B-84C4A8B702B1}
	EndGlobalSection
EndGlobal
